
Microsoft Visual Studio Solution File, Format Version 12.00
# Visual Studio Version 17
VisualStudioVersion = 17.5.002.0
MinimumVisualStudioVersion = 10.0.40219.1
Project("{9A19103F-16F7-4668-BE54-9A1E7A4F7556}") = "itogovaya rabota", "itogovaya rabota.csproj", "{1B2F7F57-8294-403A-8D31-0B190FBDC4A6}"
EndProject
Global
	GlobalSection(SolutionConfigurationPlatforms) = preSolution
		Debug|Any CPU = Debug|Any CPU
		Release|Any CPU = Release|Any CPU
	EndGlobalSection
	GlobalSection(ProjectConfigurationPlatforms) = postSolution
		{1B2F7F57-8294-403A-8D31-0B190FBDC4A6}.Debug|Any CPU.ActiveCfg = Debug|Any CPU
		{1B2F7F57-8294-403A-8D31-0B190FBDC4A6}.Debug|Any CPU.Build.0 = Debug|Any CPU
		{1B2F7F57-8294-403A-8D31-0B190FBDC4A6}.Release|Any CPU.ActiveCfg = Release|Any CPU
		{1B2F7F57-8294-403A-8D31-0B190FBDC4A6}.Release|Any CPU.Build.0 = Release|Any CPU
	EndGlobalSection
	GlobalSection(SolutionProperties) = preSolution
		HideSolutionNode = FALSE
	EndGlobalSection
	GlobalSection(ExtensibilityGlobals) = postSolution
		SolutionGuid = {E571A140-C98E-41D6-AD5E-B4C399DCFE4D}
	EndGlobalSection
EndGlobal
